// !$*UTF8*$!
{
	archiveVersion = 1;
	classes = {
	};
	objectVersion = 46;
	objects = {

/* Begin PBXBuildFile section */
		8C15BD7D1DB827D000274DEA /* iTunesArtwork@2x.png in Resources */ = {isa = PBXBuildFile; fileRef = 8C15BD7C1DB827D000274DEA /* iTunesArtwork@2x.png */; };
		8C19DF0B1DBBEEBC00DC2CE8 /* UBSuperUnitTableViewController.m in Sources */ = {isa = PBXBuildFile; fileRef = 8C19DF0A1DBBEEBC00DC2CE8 /* UBSuperUnitTableViewController.m */; };
		8C2650531DC3C9CB00AE3973 /* ActivityView.m in Sources */ = {isa = PBXBuildFile; fileRef = 8C2650521DC3C9CB00AE3973 /* ActivityView.m */; };
		8C4881E41DC56F100030B548 /* UBFIRDatabaseManager.m in Sources */ = {isa = PBXBuildFile; fileRef = 8C4881E31DC56F100030B548 /* UBFIRDatabaseManager.m */; };
		8C4956911DBAB0A600CAD822 /* UBFindCommunityViewController.m in Sources */ = {isa = PBXBuildFile; fileRef = 8C4956901DBAB0A600CAD822 /* UBFindCommunityViewController.m */; };
		8C6257E71D870B0700737D73 /* main.m in Sources */ = {isa = PBXBuildFile; fileRef = 8C6257E61D870B0700737D73 /* main.m */; };
		8C6257EA1D870B0700737D73 /* AppDelegate.m in Sources */ = {isa = PBXBuildFile; fileRef = 8C6257E91D870B0700737D73 /* AppDelegate.m */; };
		8C6257ED1D870B0700737D73 /* UBWelcomeViewController.m in Sources */ = {isa = PBXBuildFile; fileRef = 8C6257EC1D870B0700737D73 /* UBWelcomeViewController.m */; };
		8C6257F01D870B0700737D73 /* Main.storyboard in Resources */ = {isa = PBXBuildFile; fileRef = 8C6257EE1D870B0700737D73 /* Main.storyboard */; };
		8C6257F21D870B0700737D73 /* Assets.xcassets in Resources */ = {isa = PBXBuildFile; fileRef = 8C6257F11D870B0700737D73 /* Assets.xcassets */; };
		8C6257F51D870B0700737D73 /* LaunchScreen.storyboard in Resources */ = {isa = PBXBuildFile; fileRef = 8C6257F31D870B0700737D73 /* LaunchScreen.storyboard */; };
		8C6258001D870B0700737D73 /* UrbaTests.m in Sources */ = {isa = PBXBuildFile; fileRef = 8C6257FF1D870B0700737D73 /* UrbaTests.m */; };
		8C62580B1D870B0700737D73 /* UrbaUITests.m in Sources */ = {isa = PBXBuildFile; fileRef = 8C62580A1D870B0700737D73 /* UrbaUITests.m */; };
		8C6258191D870BAA00737D73 /* GoogleService-Info.plist in Resources */ = {isa = PBXBuildFile; fileRef = 8C6258181D870BA900737D73 /* GoogleService-Info.plist */; };
		8C62581A1D870BAA00737D73 /* GoogleService-Info.plist in Resources */ = {isa = PBXBuildFile; fileRef = 8C6258181D870BA900737D73 /* GoogleService-Info.plist */; };
		8C62581B1D870BAA00737D73 /* GoogleService-Info.plist in Resources */ = {isa = PBXBuildFile; fileRef = 8C6258181D870BA900737D73 /* GoogleService-Info.plist */; };
		8C67E2FD1D87626D0044C9F3 /* UBCreateUserViewController.m in Sources */ = {isa = PBXBuildFile; fileRef = 8C67E2FC1D87626D0044C9F3 /* UBCreateUserViewController.m */; };
		8CA2933E1D87A0A500931859 /* User.m in Sources */ = {isa = PBXBuildFile; fileRef = 8CA2933D1D87A0A500931859 /* User.m */; };
		8CB6EC061DC0131600B36FE9 /* UBFindUnitTableViewController.m in Sources */ = {isa = PBXBuildFile; fileRef = 8CB6EC051DC0131600B36FE9 /* UBFindUnitTableViewController.m */; };
		8CEBF7981D9C5B5D00DAE919 /* UBHomeViewController.m in Sources */ = {isa = PBXBuildFile; fileRef = 8CEBF7971D9C5B5D00DAE919 /* UBHomeViewController.m */; };
		94D1A61122041418569FB89C /* libPods-Urba.a in Frameworks */ = {isa = PBXBuildFile; fileRef = EC50DA3B76C2262B3C721FD5 /* libPods-Urba.a */; };
		CA1305C4DE7171C77CBFD1AE /* libPods-UrbaTests.a in Frameworks */ = {isa = PBXBuildFile; fileRef = D3749C0697F67D8B33E1B8A0 /* libPods-UrbaTests.a */; };
		CA6733B7C75425B8A0DC1D82 /* libPods-UrbaUITests.a in Frameworks */ = {isa = PBXBuildFile; fileRef = B6EE4EB488D33C5E002CD035 /* libPods-UrbaUITests.a */; };
/* End PBXBuildFile section */

/* Begin PBXContainerItemProxy section */
		8C6257FC1D870B0700737D73 /* PBXContainerItemProxy */ = {
			isa = PBXContainerItemProxy;
			containerPortal = 8C6257DA1D870B0700737D73 /* Project object */;
			proxyType = 1;
			remoteGlobalIDString = 8C6257E11D870B0700737D73;
			remoteInfo = Urba;
		};
		8C6258071D870B0700737D73 /* PBXContainerItemProxy */ = {
			isa = PBXContainerItemProxy;
			containerPortal = 8C6257DA1D870B0700737D73 /* Project object */;
			proxyType = 1;
			remoteGlobalIDString = 8C6257E11D870B0700737D73;
			remoteInfo = Urba;
		};
/* End PBXContainerItemProxy section */

/* Begin PBXFileReference section */
		1013DEC27E332C8C9A31A6D2 /* Pods-Urba.release.xcconfig */ = {isa = PBXFileReference; includeInIndex = 1; lastKnownFileType = text.xcconfig; name = "Pods-Urba.release.xcconfig"; path = "Pods/Target Support Files/Pods-Urba/Pods-Urba.release.xcconfig"; sourceTree = "<group>"; };
		1098E09971F9D5067DCCF534 /* Pods-UrbaUITests.debug.xcconfig */ = {isa = PBXFileReference; includeInIndex = 1; lastKnownFileType = text.xcconfig; name = "Pods-UrbaUITests.debug.xcconfig"; path = "Pods/Target Support Files/Pods-UrbaUITests/Pods-UrbaUITests.debug.xcconfig"; sourceTree = "<group>"; };
		1625B4521020F4AF0073C517 /* Pods-UrbaUITests.release.xcconfig */ = {isa = PBXFileReference; includeInIndex = 1; lastKnownFileType = text.xcconfig; name = "Pods-UrbaUITests.release.xcconfig"; path = "Pods/Target Support Files/Pods-UrbaUITests/Pods-UrbaUITests.release.xcconfig"; sourceTree = "<group>"; };
		370F6C240479F3E583EEC236 /* Pods-UrbaTests.debug.xcconfig */ = {isa = PBXFileReference; includeInIndex = 1; lastKnownFileType = text.xcconfig; name = "Pods-UrbaTests.debug.xcconfig"; path = "Pods/Target Support Files/Pods-UrbaTests/Pods-UrbaTests.debug.xcconfig"; sourceTree = "<group>"; };
		8B4A0737E2F025A999670504 /* Pods-Urba.debug.xcconfig */ = {isa = PBXFileReference; includeInIndex = 1; lastKnownFileType = text.xcconfig; name = "Pods-Urba.debug.xcconfig"; path = "Pods/Target Support Files/Pods-Urba/Pods-Urba.debug.xcconfig"; sourceTree = "<group>"; };
		8C15BD7C1DB827D000274DEA /* iTunesArtwork@2x.png */ = {isa = PBXFileReference; lastKnownFileType = image.png; path = "iTunesArtwork@2x.png"; sourceTree = "<group>"; };
		8C19DF091DBBEEBC00DC2CE8 /* UBSuperUnitTableViewController.h */ = {isa = PBXFileReference; fileEncoding = 4; lastKnownFileType = sourcecode.c.h; path = UBSuperUnitTableViewController.h; sourceTree = "<group>"; };
		8C19DF0A1DBBEEBC00DC2CE8 /* UBSuperUnitTableViewController.m */ = {isa = PBXFileReference; fileEncoding = 4; lastKnownFileType = sourcecode.c.objc; path = UBSuperUnitTableViewController.m; sourceTree = "<group>"; };
		8C2650511DC3C9CB00AE3973 /* ActivityView.h */ = {isa = PBXFileReference; fileEncoding = 4; lastKnownFileType = sourcecode.c.h; path = ActivityView.h; sourceTree = "<group>"; };
		8C2650521DC3C9CB00AE3973 /* ActivityView.m */ = {isa = PBXFileReference; fileEncoding = 4; lastKnownFileType = sourcecode.c.objc; path = ActivityView.m; sourceTree = "<group>"; };
		8C4881E21DC56F100030B548 /* UBFIRDatabaseManager.h */ = {isa = PBXFileReference; fileEncoding = 4; lastKnownFileType = sourcecode.c.h; path = UBFIRDatabaseManager.h; sourceTree = "<group>"; };
		8C4881E31DC56F100030B548 /* UBFIRDatabaseManager.m */ = {isa = PBXFileReference; fileEncoding = 4; lastKnownFileType = sourcecode.c.objc; path = UBFIRDatabaseManager.m; sourceTree = "<group>"; };
		8C49568F1DBAB0A600CAD822 /* UBFindCommunityViewController.h */ = {isa = PBXFileReference; fileEncoding = 4; lastKnownFileType = sourcecode.c.h; path = UBFindCommunityViewController.h; sourceTree = "<group>"; };
		8C4956901DBAB0A600CAD822 /* UBFindCommunityViewController.m */ = {isa = PBXFileReference; fileEncoding = 4; lastKnownFileType = sourcecode.c.objc; path = UBFindCommunityViewController.m; sourceTree = "<group>"; };
		8C6257E21D870B0700737D73 /* Urba.app */ = {isa = PBXFileReference; explicitFileType = wrapper.application; includeInIndex = 0; path = Urba.app; sourceTree = BUILT_PRODUCTS_DIR; };
		8C6257E61D870B0700737D73 /* main.m */ = {isa = PBXFileReference; lastKnownFileType = sourcecode.c.objc; path = main.m; sourceTree = "<group>"; };
		8C6257E81D870B0700737D73 /* AppDelegate.h */ = {isa = PBXFileReference; lastKnownFileType = sourcecode.c.h; path = AppDelegate.h; sourceTree = "<group>"; };
		8C6257E91D870B0700737D73 /* AppDelegate.m */ = {isa = PBXFileReference; lastKnownFileType = sourcecode.c.objc; path = AppDelegate.m; sourceTree = "<group>"; };
		8C6257EB1D870B0700737D73 /* UBWelcomeViewController.h */ = {isa = PBXFileReference; lastKnownFileType = sourcecode.c.h; path = UBWelcomeViewController.h; sourceTree = "<group>"; };
		8C6257EC1D870B0700737D73 /* UBWelcomeViewController.m */ = {isa = PBXFileReference; lastKnownFileType = sourcecode.c.objc; path = UBWelcomeViewController.m; sourceTree = "<group>"; };
		8C6257EF1D870B0700737D73 /* Base */ = {isa = PBXFileReference; lastKnownFileType = file.storyboard; name = Base; path = Base.lproj/Main.storyboard; sourceTree = "<group>"; };
		8C6257F11D870B0700737D73 /* Assets.xcassets */ = {isa = PBXFileReference; lastKnownFileType = folder.assetcatalog; path = Assets.xcassets; sourceTree = "<group>"; };
		8C6257F41D870B0700737D73 /* Base */ = {isa = PBXFileReference; lastKnownFileType = file.storyboard; name = Base; path = Base.lproj/LaunchScreen.storyboard; sourceTree = "<group>"; };
		8C6257F61D870B0700737D73 /* Info.plist */ = {isa = PBXFileReference; lastKnownFileType = text.plist.xml; path = Info.plist; sourceTree = "<group>"; };
		8C6257FB1D870B0700737D73 /* UrbaTests.xctest */ = {isa = PBXFileReference; explicitFileType = wrapper.cfbundle; includeInIndex = 0; path = UrbaTests.xctest; sourceTree = BUILT_PRODUCTS_DIR; };
		8C6257FF1D870B0700737D73 /* UrbaTests.m */ = {isa = PBXFileReference; lastKnownFileType = sourcecode.c.objc; path = UrbaTests.m; sourceTree = "<group>"; };
		8C6258011D870B0700737D73 /* Info.plist */ = {isa = PBXFileReference; lastKnownFileType = text.plist.xml; path = Info.plist; sourceTree = "<group>"; };
		8C6258061D870B0700737D73 /* UrbaUITests.xctest */ = {isa = PBXFileReference; explicitFileType = wrapper.cfbundle; includeInIndex = 0; path = UrbaUITests.xctest; sourceTree = BUILT_PRODUCTS_DIR; };
		8C62580A1D870B0700737D73 /* UrbaUITests.m */ = {isa = PBXFileReference; lastKnownFileType = sourcecode.c.objc; path = UrbaUITests.m; sourceTree = "<group>"; };
		8C62580C1D870B0700737D73 /* Info.plist */ = {isa = PBXFileReference; lastKnownFileType = text.plist.xml; path = Info.plist; sourceTree = "<group>"; };
		8C6258181D870BA900737D73 /* GoogleService-Info.plist */ = {isa = PBXFileReference; fileEncoding = 4; lastKnownFileType = text.plist.xml; path = "GoogleService-Info.plist"; sourceTree = "<group>"; };
		8C67E2FB1D87626D0044C9F3 /* UBCreateUserViewController.h */ = {isa = PBXFileReference; fileEncoding = 4; lastKnownFileType = sourcecode.c.h; path = UBCreateUserViewController.h; sourceTree = "<group>"; };
		8C67E2FC1D87626D0044C9F3 /* UBCreateUserViewController.m */ = {isa = PBXFileReference; fileEncoding = 4; lastKnownFileType = sourcecode.c.objc; path = UBCreateUserViewController.m; sourceTree = "<group>"; };
		8CA2933C1D87A0A500931859 /* User.h */ = {isa = PBXFileReference; fileEncoding = 4; lastKnownFileType = sourcecode.c.h; path = User.h; sourceTree = "<group>"; };
		8CA2933D1D87A0A500931859 /* User.m */ = {isa = PBXFileReference; fileEncoding = 4; lastKnownFileType = sourcecode.c.objc; path = User.m; sourceTree = "<group>"; };
		8CB6EC041DC0131600B36FE9 /* UBFindUnitTableViewController.h */ = {isa = PBXFileReference; fileEncoding = 4; lastKnownFileType = sourcecode.c.h; path = UBFindUnitTableViewController.h; sourceTree = "<group>"; };
		8CB6EC051DC0131600B36FE9 /* UBFindUnitTableViewController.m */ = {isa = PBXFileReference; fileEncoding = 4; lastKnownFileType = sourcecode.c.objc; path = UBFindUnitTableViewController.m; sourceTree = "<group>"; };
		8CEBF7961D9C5B5D00DAE919 /* UBHomeViewController.h */ = {isa = PBXFileReference; fileEncoding = 4; lastKnownFileType = sourcecode.c.h; path = UBHomeViewController.h; sourceTree = "<group>"; };
		8CEBF7971D9C5B5D00DAE919 /* UBHomeViewController.m */ = {isa = PBXFileReference; fileEncoding = 4; lastKnownFileType = sourcecode.c.objc; path = UBHomeViewController.m; sourceTree = "<group>"; };
		967308A1FD2897E5F240E193 /* Pods-UrbaTests.release.xcconfig */ = {isa = PBXFileReference; includeInIndex = 1; lastKnownFileType = text.xcconfig; name = "Pods-UrbaTests.release.xcconfig"; path = "Pods/Target Support Files/Pods-UrbaTests/Pods-UrbaTests.release.xcconfig"; sourceTree = "<group>"; };
		B6EE4EB488D33C5E002CD035 /* libPods-UrbaUITests.a */ = {isa = PBXFileReference; explicitFileType = archive.ar; includeInIndex = 0; path = "libPods-UrbaUITests.a"; sourceTree = BUILT_PRODUCTS_DIR; };
		D3749C0697F67D8B33E1B8A0 /* libPods-UrbaTests.a */ = {isa = PBXFileReference; explicitFileType = archive.ar; includeInIndex = 0; path = "libPods-UrbaTests.a"; sourceTree = BUILT_PRODUCTS_DIR; };
		EC50DA3B76C2262B3C721FD5 /* libPods-Urba.a */ = {isa = PBXFileReference; explicitFileType = archive.ar; includeInIndex = 0; path = "libPods-Urba.a"; sourceTree = BUILT_PRODUCTS_DIR; };
/* End PBXFileReference section */

/* Begin PBXFrameworksBuildPhase section */
		8C6257DF1D870B0700737D73 /* Frameworks */ = {
			isa = PBXFrameworksBuildPhase;
			buildActionMask = 2147483647;
			files = (
				94D1A61122041418569FB89C /* libPods-Urba.a in Frameworks */,
			);
			runOnlyForDeploymentPostprocessing = 0;
		};
		8C6257F81D870B0700737D73 /* Frameworks */ = {
			isa = PBXFrameworksBuildPhase;
			buildActionMask = 2147483647;
			files = (
				CA1305C4DE7171C77CBFD1AE /* libPods-UrbaTests.a in Frameworks */,
			);
			runOnlyForDeploymentPostprocessing = 0;
		};
		8C6258031D870B0700737D73 /* Frameworks */ = {
			isa = PBXFrameworksBuildPhase;
			buildActionMask = 2147483647;
			files = (
				CA6733B7C75425B8A0DC1D82 /* libPods-UrbaUITests.a in Frameworks */,
			);
			runOnlyForDeploymentPostprocessing = 0;
		};
/* End PBXFrameworksBuildPhase section */

/* Begin PBXGroup section */
		24DF47BD83359FECA8A3EC91 /* Frameworks */ = {
			isa = PBXGroup;
			children = (
				EC50DA3B76C2262B3C721FD5 /* libPods-Urba.a */,
				D3749C0697F67D8B33E1B8A0 /* libPods-UrbaTests.a */,
				B6EE4EB488D33C5E002CD035 /* libPods-UrbaUITests.a */,
			);
			name = Frameworks;
			sourceTree = "<group>";
		};
		8C2700971D9C30EC00BACCDE /* Welcome Views */ = {
			isa = PBXGroup;
			children = (
				8C6257EB1D870B0700737D73 /* UBWelcomeViewController.h */,
				8C6257EC1D870B0700737D73 /* UBWelcomeViewController.m */,
				8C67E2FB1D87626D0044C9F3 /* UBCreateUserViewController.h */,
				8C67E2FC1D87626D0044C9F3 /* UBCreateUserViewController.m */,
			);
			name = "Welcome Views";
			sourceTree = "<group>";
		};
		8C2700981D9C317700BACCDE /* Main Views */ = {
			isa = PBXGroup;
			children = (
				8CEBF7961D9C5B5D00DAE919 /* UBHomeViewController.h */,
				8CEBF7971D9C5B5D00DAE919 /* UBHomeViewController.m */,
				8C4956981DBAB0CC00CAD822 /* Find Home */,
			);
			name = "Main Views";
			sourceTree = "<group>";
		};
		8C4956981DBAB0CC00CAD822 /* Find Home */ = {
			isa = PBXGroup;
			children = (
				8C49568F1DBAB0A600CAD822 /* UBFindCommunityViewController.h */,
				8C4956901DBAB0A600CAD822 /* UBFindCommunityViewController.m */,
				8C19DF091DBBEEBC00DC2CE8 /* UBSuperUnitTableViewController.h */,
				8C19DF0A1DBBEEBC00DC2CE8 /* UBSuperUnitTableViewController.m */,
				8CB6EC041DC0131600B36FE9 /* UBFindUnitTableViewController.h */,
				8CB6EC051DC0131600B36FE9 /* UBFindUnitTableViewController.m */,
			);
			name = "Find Home";
			sourceTree = "<group>";
		};
		8C6257D91D870B0700737D73 = {
			isa = PBXGroup;
			children = (
				8C6257E41D870B0700737D73 /* Urba */,
				8C6257FE1D870B0700737D73 /* UrbaTests */,
				8C6258091D870B0700737D73 /* UrbaUITests */,
				8C6257E31D870B0700737D73 /* Products */,
				A57B709BB8FE134B1CC0A133 /* Pods */,
				24DF47BD83359FECA8A3EC91 /* Frameworks */,
			);
			sourceTree = "<group>";
		};
		8C6257E31D870B0700737D73 /* Products */ = {
			isa = PBXGroup;
			children = (
				8C6257E21D870B0700737D73 /* Urba.app */,
				8C6257FB1D870B0700737D73 /* UrbaTests.xctest */,
				8C6258061D870B0700737D73 /* UrbaUITests.xctest */,
			);
			name = Products;
			sourceTree = "<group>";
		};
		8C6257E41D870B0700737D73 /* Urba */ = {
			isa = PBXGroup;
			children = (
				8C6257E81D870B0700737D73 /* AppDelegate.h */,
				8C6257E91D870B0700737D73 /* AppDelegate.m */,
				8C15BD7C1DB827D000274DEA /* iTunesArtwork@2x.png */,
				8C2700971D9C30EC00BACCDE /* Welcome Views */,
				8C2700981D9C317700BACCDE /* Main Views */,
				8C2650511DC3C9CB00AE3973 /* ActivityView.h */,
				8C2650521DC3C9CB00AE3973 /* ActivityView.m */,
				8CA293341D879FF400931859 /* Model */,
				8CA293381D87A04E00931859 /* Control */,
				8C6257EE1D870B0700737D73 /* Main.storyboard */,
				8C6257F11D870B0700737D73 /* Assets.xcassets */,
				8C6257F31D870B0700737D73 /* LaunchScreen.storyboard */,
				8C6257F61D870B0700737D73 /* Info.plist */,
				8C6258181D870BA900737D73 /* GoogleService-Info.plist */,
				8C6257E51D870B0700737D73 /* Supporting Files */,
			);
			path = Urba;
			sourceTree = "<group>";
		};
		8C6257E51D870B0700737D73 /* Supporting Files */ = {
			isa = PBXGroup;
			children = (
				8C6257E61D870B0700737D73 /* main.m */,
			);
			name = "Supporting Files";
			sourceTree = "<group>";
		};
		8C6257FE1D870B0700737D73 /* UrbaTests */ = {
			isa = PBXGroup;
			children = (
				8C6257FF1D870B0700737D73 /* UrbaTests.m */,
				8C6258011D870B0700737D73 /* Info.plist */,
			);
			path = UrbaTests;
			sourceTree = "<group>";
		};
		8C6258091D870B0700737D73 /* UrbaUITests */ = {
			isa = PBXGroup;
			children = (
				8C62580A1D870B0700737D73 /* UrbaUITests.m */,
				8C62580C1D870B0700737D73 /* Info.plist */,
			);
			path = UrbaUITests;
			sourceTree = "<group>";
		};
		8CA293341D879FF400931859 /* Model */ = {
			isa = PBXGroup;
			children = (
				8CA2933C1D87A0A500931859 /* User.h */,
				8CA2933D1D87A0A500931859 /* User.m */,
			);
			name = Model;
			sourceTree = "<group>";
		};
		8CA293381D87A04E00931859 /* Control */ = {
			isa = PBXGroup;
			children = (
				8C4881E21DC56F100030B548 /* UBFIRDatabaseManager.h */,
				8C4881E31DC56F100030B548 /* UBFIRDatabaseManager.m */,
			);
			name = Control;
			sourceTree = "<group>";
		};
		A57B709BB8FE134B1CC0A133 /* Pods */ = {
			isa = PBXGroup;
			children = (
				8B4A0737E2F025A999670504 /* Pods-Urba.debug.xcconfig */,
				1013DEC27E332C8C9A31A6D2 /* Pods-Urba.release.xcconfig */,
				370F6C240479F3E583EEC236 /* Pods-UrbaTests.debug.xcconfig */,
				967308A1FD2897E5F240E193 /* Pods-UrbaTests.release.xcconfig */,
				1098E09971F9D5067DCCF534 /* Pods-UrbaUITests.debug.xcconfig */,
				1625B4521020F4AF0073C517 /* Pods-UrbaUITests.release.xcconfig */,
			);
			name = Pods;
			sourceTree = "<group>";
		};
/* End PBXGroup section */

/* Begin PBXNativeTarget section */
		8C6257E11D870B0700737D73 /* Urba */ = {
			isa = PBXNativeTarget;
			buildConfigurationList = 8C62580F1D870B0700737D73 /* Build configuration list for PBXNativeTarget "Urba" */;
			buildPhases = (
				542B6F27ED486B4E6F5A55D0 /* 📦 Check Pods Manifest.lock */,
				8C6257DE1D870B0700737D73 /* Sources */,
				8C6257DF1D870B0700737D73 /* Frameworks */,
				8C6257E01D870B0700737D73 /* Resources */,
				5270F78C1FF24A5512D56E85 /* 📦 Embed Pods Frameworks */,
				70D1FA2AE1617F9A2905EA5A /* 📦 Copy Pods Resources */,
			);
			buildRules = (
			);
			dependencies = (
			);
			name = Urba;
			productName = Urba;
			productReference = 8C6257E21D870B0700737D73 /* Urba.app */;
			productType = "com.apple.product-type.application";
		};
		8C6257FA1D870B0700737D73 /* UrbaTests */ = {
			isa = PBXNativeTarget;
			buildConfigurationList = 8C6258121D870B0700737D73 /* Build configuration list for PBXNativeTarget "UrbaTests" */;
			buildPhases = (
				B96BA7CF9B0508AD988D8A41 /* 📦 Check Pods Manifest.lock */,
				8C6257F71D870B0700737D73 /* Sources */,
				8C6257F81D870B0700737D73 /* Frameworks */,
				8C6257F91D870B0700737D73 /* Resources */,
				75A7CB5C94A445D01C950831 /* 📦 Embed Pods Frameworks */,
				1FA3D25C26ADDC79AD52EDF7 /* 📦 Copy Pods Resources */,
			);
			buildRules = (
			);
			dependencies = (
				8C6257FD1D870B0700737D73 /* PBXTargetDependency */,
			);
			name = UrbaTests;
			productName = UrbaTests;
			productReference = 8C6257FB1D870B0700737D73 /* UrbaTests.xctest */;
			productType = "com.apple.product-type.bundle.unit-test";
		};
		8C6258051D870B0700737D73 /* UrbaUITests */ = {
			isa = PBXNativeTarget;
			buildConfigurationList = 8C6258151D870B0700737D73 /* Build configuration list for PBXNativeTarget "UrbaUITests" */;
			buildPhases = (
				845C1DFCCA45FD14C8069B3F /* 📦 Check Pods Manifest.lock */,
				8C6258021D870B0700737D73 /* Sources */,
				8C6258031D870B0700737D73 /* Frameworks */,
				8C6258041D870B0700737D73 /* Resources */,
				E81065F72CD42EB2E065A6D3 /* 📦 Copy Pods Resources */,
			);
			buildRules = (
			);
			dependencies = (
				8C6258081D870B0700737D73 /* PBXTargetDependency */,
			);
			name = UrbaUITests;
			productName = UrbaUITests;
			productReference = 8C6258061D870B0700737D73 /* UrbaUITests.xctest */;
			productType = "com.apple.product-type.bundle.ui-testing";
		};
/* End PBXNativeTarget section */

/* Begin PBXProject section */
		8C6257DA1D870B0700737D73 /* Project object */ = {
			isa = PBXProject;
			attributes = {
				LastUpgradeCheck = 0800;
				ORGANIZATIONNAME = "Ricardo Nazario";
				TargetAttributes = {
					8C6257E11D870B0700737D73 = {
						CreatedOnToolsVersion = 7.3.1;
						DevelopmentTeam = SGRW3864BW;
					};
					8C6257FA1D870B0700737D73 = {
						CreatedOnToolsVersion = 7.3.1;
						TestTargetID = 8C6257E11D870B0700737D73;
					};
					8C6258051D870B0700737D73 = {
						CreatedOnToolsVersion = 7.3.1;
						TestTargetID = 8C6257E11D870B0700737D73;
					};
				};
			};
			buildConfigurationList = 8C6257DD1D870B0700737D73 /* Build configuration list for PBXProject "Urba" */;
			compatibilityVersion = "Xcode 3.2";
			developmentRegion = English;
			hasScannedForEncodings = 0;
			knownRegions = (
				en,
				Base,
			);
			mainGroup = 8C6257D91D870B0700737D73;
			productRefGroup = 8C6257E31D870B0700737D73 /* Products */;
			projectDirPath = "";
			projectRoot = "";
			targets = (
				8C6257E11D870B0700737D73 /* Urba */,
				8C6257FA1D870B0700737D73 /* UrbaTests */,
				8C6258051D870B0700737D73 /* UrbaUITests */,
			);
		};
/* End PBXProject section */

/* Begin PBXResourcesBuildPhase section */
		8C6257E01D870B0700737D73 /* Resources */ = {
			isa = PBXResourcesBuildPhase;
			buildActionMask = 2147483647;
			files = (
				8C6257F51D870B0700737D73 /* LaunchScreen.storyboard in Resources */,
				8C15BD7D1DB827D000274DEA /* iTunesArtwork@2x.png in Resources */,
				8C6258191D870BAA00737D73 /* GoogleService-Info.plist in Resources */,
				8C6257F21D870B0700737D73 /* Assets.xcassets in Resources */,
				8C6257F01D870B0700737D73 /* Main.storyboard in Resources */,
			);
			runOnlyForDeploymentPostprocessing = 0;
		};
		8C6257F91D870B0700737D73 /* Resources */ = {
			isa = PBXResourcesBuildPhase;
			buildActionMask = 2147483647;
			files = (
				8C62581A1D870BAA00737D73 /* GoogleService-Info.plist in Resources */,
			);
			runOnlyForDeploymentPostprocessing = 0;
		};
		8C6258041D870B0700737D73 /* Resources */ = {
			isa = PBXResourcesBuildPhase;
			buildActionMask = 2147483647;
			files = (
				8C62581B1D870BAA00737D73 /* GoogleService-Info.plist in Resources */,
			);
			runOnlyForDeploymentPostprocessing = 0;
		};
/* End PBXResourcesBuildPhase section */

/* Begin PBXShellScriptBuildPhase section */
		1FA3D25C26ADDC79AD52EDF7 /* 📦 Copy Pods Resources */ = {
			isa = PBXShellScriptBuildPhase;
			buildActionMask = 2147483647;
			files = (
			);
			inputPaths = (
			);
			name = "📦 Copy Pods Resources";
			outputPaths = (
			);
			runOnlyForDeploymentPostprocessing = 0;
			shellPath = /bin/sh;
			shellScript = "\"${SRCROOT}/Pods/Target Support Files/Pods-UrbaTests/Pods-UrbaTests-resources.sh\"\n";
			showEnvVarsInLog = 0;
		};
		5270F78C1FF24A5512D56E85 /* 📦 Embed Pods Frameworks */ = {
			isa = PBXShellScriptBuildPhase;
			buildActionMask = 2147483647;
			files = (
			);
			inputPaths = (
			);
			name = "📦 Embed Pods Frameworks";
			outputPaths = (
			);
			runOnlyForDeploymentPostprocessing = 0;
			shellPath = /bin/sh;
			shellScript = "\"${SRCROOT}/Pods/Target Support Files/Pods-Urba/Pods-Urba-frameworks.sh\"\n";
			showEnvVarsInLog = 0;
		};
		542B6F27ED486B4E6F5A55D0 /* 📦 Check Pods Manifest.lock */ = {
			isa = PBXShellScriptBuildPhase;
			buildActionMask = 2147483647;
			files = (
			);
			inputPaths = (
			);
			name = "📦 Check Pods Manifest.lock";
			outputPaths = (
			);
			runOnlyForDeploymentPostprocessing = 0;
			shellPath = /bin/sh;
			shellScript = "diff \"${PODS_ROOT}/../Podfile.lock\" \"${PODS_ROOT}/Manifest.lock\" > /dev/null\nif [[ $? != 0 ]] ; then\n    cat << EOM\nerror: The sandbox is not in sync with the Podfile.lock. Run 'pod install' or update your CocoaPods installation.\nEOM\n    exit 1\nfi\n";
			showEnvVarsInLog = 0;
		};
		70D1FA2AE1617F9A2905EA5A /* 📦 Copy Pods Resources */ = {
			isa = PBXShellScriptBuildPhase;
			buildActionMask = 2147483647;
			files = (
			);
			inputPaths = (
			);
			name = "📦 Copy Pods Resources";
			outputPaths = (
			);
			runOnlyForDeploymentPostprocessing = 0;
			shellPath = /bin/sh;
			shellScript = "\"${SRCROOT}/Pods/Target Support Files/Pods-Urba/Pods-Urba-resources.sh\"\n";
			showEnvVarsInLog = 0;
		};
		75A7CB5C94A445D01C950831 /* 📦 Embed Pods Frameworks */ = {
			isa = PBXShellScriptBuildPhase;
			buildActionMask = 2147483647;
			files = (
			);
			inputPaths = (
			);
			name = "📦 Embed Pods Frameworks";
			outputPaths = (
			);
			runOnlyForDeploymentPostprocessing = 0;
			shellPath = /bin/sh;
			shellScript = "\"${SRCROOT}/Pods/Target Support Files/Pods-UrbaTests/Pods-UrbaTests-frameworks.sh\"\n";
			showEnvVarsInLog = 0;
		};
		845C1DFCCA45FD14C8069B3F /* 📦 Check Pods Manifest.lock */ = {
			isa = PBXShellScriptBuildPhase;
			buildActionMask = 2147483647;
			files = (
			);
			inputPaths = (
			);
			name = "📦 Check Pods Manifest.lock";
			outputPaths = (
			);
			runOnlyForDeploymentPostprocessing = 0;
			shellPath = /bin/sh;
			shellScript = "diff \"${PODS_ROOT}/../Podfile.lock\" \"${PODS_ROOT}/Manifest.lock\" > /dev/null\nif [[ $? != 0 ]] ; then\n    cat << EOM\nerror: The sandbox is not in sync with the Podfile.lock. Run 'pod install' or update your CocoaPods installation.\nEOM\n    exit 1\nfi\n";
			showEnvVarsInLog = 0;
		};
		B96BA7CF9B0508AD988D8A41 /* 📦 Check Pods Manifest.lock */ = {
			isa = PBXShellScriptBuildPhase;
			buildActionMask = 2147483647;
			files = (
			);
			inputPaths = (
			);
			name = "📦 Check Pods Manifest.lock";
			outputPaths = (
			);
			runOnlyForDeploymentPostprocessing = 0;
			shellPath = /bin/sh;
			shellScript = "diff \"${PODS_ROOT}/../Podfile.lock\" \"${PODS_ROOT}/Manifest.lock\" > /dev/null\nif [[ $? != 0 ]] ; then\n    cat << EOM\nerror: The sandbox is not in sync with the Podfile.lock. Run 'pod install' or update your CocoaPods installation.\nEOM\n    exit 1\nfi\n";
			showEnvVarsInLog = 0;
		};
		E81065F72CD42EB2E065A6D3 /* 📦 Copy Pods Resources */ = {
			isa = PBXShellScriptBuildPhase;
			buildActionMask = 2147483647;
			files = (
			);
			inputPaths = (
			);
			name = "📦 Copy Pods Resources";
			outputPaths = (
			);
			runOnlyForDeploymentPostprocessing = 0;
			shellPath = /bin/sh;
			shellScript = "\"${SRCROOT}/Pods/Target Support Files/Pods-UrbaUITests/Pods-UrbaUITests-resources.sh\"\n";
			showEnvVarsInLog = 0;
		};
/* End PBXShellScriptBuildPhase section */

/* Begin PBXSourcesBuildPhase section */
		8C6257DE1D870B0700737D73 /* Sources */ = {
			isa = PBXSourcesBuildPhase;
			buildActionMask = 2147483647;
			files = (
				8CEBF7981D9C5B5D00DAE919 /* UBHomeViewController.m in Sources */,
				8C6257ED1D870B0700737D73 /* UBWelcomeViewController.m in Sources */,
				8CA2933E1D87A0A500931859 /* User.m in Sources */,
				8C4956911DBAB0A600CAD822 /* UBFindCommunityViewController.m in Sources */,
				8CB6EC061DC0131600B36FE9 /* UBFindUnitTableViewController.m in Sources */,
				8C2650531DC3C9CB00AE3973 /* ActivityView.m in Sources */,
				8C19DF0B1DBBEEBC00DC2CE8 /* UBSuperUnitTableViewController.m in Sources */,
				8C6257EA1D870B0700737D73 /* AppDelegate.m in Sources */,
				8C6257E71D870B0700737D73 /* main.m in Sources */,
				8C4881E41DC56F100030B548 /* UBFIRDatabaseManager.m in Sources */,
				8C67E2FD1D87626D0044C9F3 /* UBCreateUserViewController.m in Sources */,
			);
			runOnlyForDeploymentPostprocessing = 0;
		};
		8C6257F71D870B0700737D73 /* Sources */ = {
			isa = PBXSourcesBuildPhase;
			buildActionMask = 2147483647;
			files = (
				8C6258001D870B0700737D73 /* UrbaTests.m in Sources */,
			);
			runOnlyForDeploymentPostprocessing = 0;
		};
		8C6258021D870B0700737D73 /* Sources */ = {
			isa = PBXSourcesBuildPhase;
			buildActionMask = 2147483647;
			files = (
				8C62580B1D870B0700737D73 /* UrbaUITests.m in Sources */,
			);
			runOnlyForDeploymentPostprocessing = 0;
		};
/* End PBXSourcesBuildPhase section */

/* Begin PBXTargetDependency section */
		8C6257FD1D870B0700737D73 /* PBXTargetDependency */ = {
			isa = PBXTargetDependency;
			target = 8C6257E11D870B0700737D73 /* Urba */;
			targetProxy = 8C6257FC1D870B0700737D73 /* PBXContainerItemProxy */;
		};
		8C6258081D870B0700737D73 /* PBXTargetDependency */ = {
			isa = PBXTargetDependency;
			target = 8C6257E11D870B0700737D73 /* Urba */;
			targetProxy = 8C6258071D870B0700737D73 /* PBXContainerItemProxy */;
		};
/* End PBXTargetDependency section */

/* Begin PBXVariantGroup section */
		8C6257EE1D870B0700737D73 /* Main.storyboard */ = {
			isa = PBXVariantGroup;
			children = (
				8C6257EF1D870B0700737D73 /* Base */,
			);
			name = Main.storyboard;
			sourceTree = "<group>";
		};
		8C6257F31D870B0700737D73 /* LaunchScreen.storyboard */ = {
			isa = PBXVariantGroup;
			children = (
				8C6257F41D870B0700737D73 /* Base */,
			);
			name = LaunchScreen.storyboard;
			sourceTree = "<group>";
		};
/* End PBXVariantGroup section */

/* Begin XCBuildConfiguration section */
		8C62580D1D870B0700737D73 /* Debug */ = {
			isa = XCBuildConfiguration;
			buildSettings = {
				ALWAYS_SEARCH_USER_PATHS = NO;
				CLANG_ANALYZER_NONNULL = YES;
				CLANG_CXX_LANGUAGE_STANDARD = "gnu++0x";
				CLANG_CXX_LIBRARY = "libc++";
				CLANG_ENABLE_MODULES = YES;
				CLANG_ENABLE_OBJC_ARC = YES;
				CLANG_WARN_BOOL_CONVERSION = YES;
				CLANG_WARN_CONSTANT_CONVERSION = YES;
				CLANG_WARN_DIRECT_OBJC_ISA_USAGE = YES_ERROR;
				CLANG_WARN_EMPTY_BODY = YES;
				CLANG_WARN_ENUM_CONVERSION = YES;
				CLANG_WARN_INFINITE_RECURSION = YES;
				CLANG_WARN_INT_CONVERSION = YES;
				CLANG_WARN_OBJC_ROOT_CLASS = YES_ERROR;
				CLANG_WARN_SUSPICIOUS_MOVE = YES;
				CLANG_WARN_UNREACHABLE_CODE = YES;
				CLANG_WARN__DUPLICATE_METHOD_MATCH = YES;
				"CODE_SIGN_IDENTITY[sdk=iphoneos*]" = "iPhone Developer";
				COPY_PHASE_STRIP = NO;
				DEBUG_INFORMATION_FORMAT = dwarf;
				ENABLE_STRICT_OBJC_MSGSEND = YES;
				ENABLE_TESTABILITY = YES;
				GCC_C_LANGUAGE_STANDARD = gnu99;
				GCC_DYNAMIC_NO_PIC = NO;
				GCC_NO_COMMON_BLOCKS = YES;
				GCC_OPTIMIZATION_LEVEL = 0;
				GCC_PREPROCESSOR_DEFINITIONS = (
					"DEBUG=1",
					"$(inherited)",
				);
				GCC_WARN_64_TO_32_BIT_CONVERSION = YES;
				GCC_WARN_ABOUT_RETURN_TYPE = YES_ERROR;
				GCC_WARN_UNDECLARED_SELECTOR = YES;
				GCC_WARN_UNINITIALIZED_AUTOS = YES_AGGRESSIVE;
				GCC_WARN_UNUSED_FUNCTION = YES;
				GCC_WARN_UNUSED_VARIABLE = YES;
				IPHONEOS_DEPLOYMENT_TARGET = 9.3;
				MTL_ENABLE_DEBUG_INFO = YES;
				ONLY_ACTIVE_ARCH = YES;
				SDKROOT = iphoneos;
				TARGETED_DEVICE_FAMILY = "1,2";
			};
			name = Debug;
		};
		8C62580E1D870B0700737D73 /* Release */ = {
			isa = XCBuildConfiguration;
			buildSettings = {
				ALWAYS_SEARCH_USER_PATHS = NO;
				CLANG_ANALYZER_NONNULL = YES;
				CLANG_CXX_LANGUAGE_STANDARD = "gnu++0x";
				CLANG_CXX_LIBRARY = "libc++";
				CLANG_ENABLE_MODULES = YES;
				CLANG_ENABLE_OBJC_ARC = YES;
				CLANG_WARN_BOOL_CONVERSION = YES;
				CLANG_WARN_CONSTANT_CONVERSION = YES;
				CLANG_WARN_DIRECT_OBJC_ISA_USAGE = YES_ERROR;
				CLANG_WARN_EMPTY_BODY = YES;
				CLANG_WARN_ENUM_CONVERSION = YES;
				CLANG_WARN_INFINITE_RECURSION = YES;
				CLANG_WARN_INT_CONVERSION = YES;
				CLANG_WARN_OBJC_ROOT_CLASS = YES_ERROR;
				CLANG_WARN_SUSPICIOUS_MOVE = YES;
				CLANG_WARN_UNREACHABLE_CODE = YES;
				CLANG_WARN__DUPLICATE_METHOD_MATCH = YES;
				"CODE_SIGN_IDENTITY[sdk=iphoneos*]" = "iPhone Developer";
				COPY_PHASE_STRIP = NO;
				DEBUG_INFORMATION_FORMAT = "dwarf-with-dsym";
				ENABLE_NS_ASSERTIONS = NO;
				ENABLE_STRICT_OBJC_MSGSEND = YES;
				GCC_C_LANGUAGE_STANDARD = gnu99;
				GCC_NO_COMMON_BLOCKS = YES;
				GCC_WARN_64_TO_32_BIT_CONVERSION = YES;
				GCC_WARN_ABOUT_RETURN_TYPE = YES_ERROR;
				GCC_WARN_UNDECLARED_SELECTOR = YES;
				GCC_WARN_UNINITIALIZED_AUTOS = YES_AGGRESSIVE;
				GCC_WARN_UNUSED_FUNCTION = YES;
				GCC_WARN_UNUSED_VARIABLE = YES;
				IPHONEOS_DEPLOYMENT_TARGET = 9.3;
				MTL_ENABLE_DEBUG_INFO = NO;
				SDKROOT = iphoneos;
				TARGETED_DEVICE_FAMILY = "1,2";
				VALIDATE_PRODUCT = YES;
			};
			name = Release;
		};
		8C6258101D870B0700737D73 /* Debug */ = {
			isa = XCBuildConfiguration;
			baseConfigurationReference = 8B4A0737E2F025A999670504 /* Pods-Urba.debug.xcconfig */;
			buildSettings = {
				ASSETCATALOG_COMPILER_APPICON_NAME = AppIcon;
				DEVELOPMENT_TEAM = SGRW3864BW;
				INFOPLIST_FILE = Urba/Info.plist;
				LD_RUNPATH_SEARCH_PATHS = "$(inherited) @executable_path/Frameworks";
				PRODUCT_BUNDLE_IDENTIFIER = com.RicardoNazario.Urba;
				PRODUCT_NAME = "$(TARGET_NAME)";
			};
			name = Debug;
		};
		8C6258111D870B0700737D73 /* Release */ = {
			isa = XCBuildConfiguration;
			baseConfigurationReference = 1013DEC27E332C8C9A31A6D2 /* Pods-Urba.release.xcconfig */;
			buildSettings = {
				ASSETCATALOG_COMPILER_APPICON_NAME = AppIcon;
				DEVELOPMENT_TEAM = SGRW3864BW;
				INFOPLIST_FILE = Urba/Info.plist;
				LD_RUNPATH_SEARCH_PATHS = "$(inherited) @executable_path/Frameworks";
				PRODUCT_BUNDLE_IDENTIFIER = com.RicardoNazario.Urba;
				PRODUCT_NAME = "$(TARGET_NAME)";
			};
			name = Release;
		};
		8C6258131D870B0700737D73 /* Debug */ = {
			isa = XCBuildConfiguration;
			baseConfigurationReference = 370F6C240479F3E583EEC236 /* Pods-UrbaTests.debug.xcconfig */;
			buildSettings = {
				BUNDLE_LOADER = "$(TEST_HOST)";
				INFOPLIST_FILE = UrbaTests/Info.plist;
				LD_RUNPATH_SEARCH_PATHS = "$(inherited) @executable_path/Frameworks @loader_path/Frameworks";
				PRODUCT_BUNDLE_IDENTIFIER = com.RicardoNazario.UrbaTests;
				PRODUCT_NAME = "$(TARGET_NAME)";
				TEST_HOST = "$(BUILT_PRODUCTS_DIR)/Urba.app/Urba";
			};
			name = Debug;
		};
		8C6258141D870B0700737D73 /* Release */ = {
			isa = XCBuildConfiguration;
			baseConfigurationReference = 967308A1FD2897E5F240E193 /* Pods-UrbaTests.release.xcconfig */;
			buildSettings = {
				BUNDLE_LOADER = "$(TEST_HOST)";
				INFOPLIST_FILE = UrbaTests/Info.plist;
				LD_RUNPATH_SEARCH_PATHS = "$(inherited) @executable_path/Frameworks @loader_path/Frameworks";
				PRODUCT_BUNDLE_IDENTIFIER = com.RicardoNazario.UrbaTests;
				PRODUCT_NAME = "$(TARGET_NAME)";
				TEST_HOST = "$(BUILT_PRODUCTS_DIR)/Urba.app/Urba";
			};
			name = Release;
		};
		8C6258161D870B0700737D73 /* Debug */ = {
			isa = XCBuildConfiguration;
			baseConfigurationReference = 1098E09971F9D5067DCCF534 /* Pods-UrbaUITests.debug.xcconfig */;
			buildSettings = {
				INFOPLIST_FILE = UrbaUITests/Info.plist;
				LD_RUNPATH_SEARCH_PATHS = "$(inherited) @executable_path/Frameworks @loader_path/Frameworks";
				PRODUCT_BUNDLE_IDENTIFIER = com.RicardoNazario.UrbaUITests;
				PRODUCT_NAME = "$(TARGET_NAME)";
				TEST_TARGET_NAME = Urba;
			};
			name = Debug;
		};
		8C6258171D870B0700737D73 /* Release */ = {
			isa = XCBuildConfiguration;
			baseConfigurationReference = 1625B4521020F4AF0073C517 /* Pods-UrbaUITests.release.xcconfig */;
			buildSettings = {
				INFOPLIST_FILE = UrbaUITests/Info.plist;
				LD_RUNPATH_SEARCH_PATHS = "$(inherited) @executable_path/Frameworks @loader_path/Frameworks";
				PRODUCT_BUNDLE_IDENTIFIER = com.RicardoNazario.UrbaUITests;
				PRODUCT_NAME = "$(TARGET_NAME)";
				TEST_TARGET_NAME = Urba;
			};
			name = Release;
		};
/* End XCBuildConfiguration section */

/* Begin XCConfigurationList section */
		8C6257DD1D870B0700737D73 /* Build configuration list for PBXProject "Urba" */ = {
			isa = XCConfigurationList;
			buildConfigurations = (
				8C62580D1D870B0700737D73 /* Debug */,
				8C62580E1D870B0700737D73 /* Release */,
			);
			defaultConfigurationIsVisible = 0;
			defaultConfigurationName = Release;
		};
		8C62580F1D870B0700737D73 /* Build configuration list for PBXNativeTarget "Urba" */ = {
			isa = XCConfigurationList;
			buildConfigurations = (
				8C6258101D870B0700737D73 /* Debug */,
				8C6258111D870B0700737D73 /* Release */,
			);
			defaultConfigurationIsVisible = 0;
			defaultConfigurationName = Release;
		};
		8C6258121D870B0700737D73 /* Build configuration list for PBXNativeTarget "UrbaTests" */ = {
			isa = XCConfigurationList;
			buildConfigurations = (
				8C6258131D870B0700737D73 /* Debug */,
				8C6258141D870B0700737D73 /* Release */,
			);
			defaultConfigurationIsVisible = 0;
			defaultConfigurationName = Release;
		};
		8C6258151D870B0700737D73 /* Build configuration list for PBXNativeTarget "UrbaUITests" */ = {
			isa = XCConfigurationList;
			buildConfigurations = (
				8C6258161D870B0700737D73 /* Debug */,
				8C6258171D870B0700737D73 /* Release */,
			);
			defaultConfigurationIsVisible = 0;
			defaultConfigurationName = Release;
		};
/* End XCConfigurationList section */
	};
	rootObject = 8C6257DA1D870B0700737D73 /* Project object */;
}
